
Microsoft Visual Studio Solution File, Format Version 12.00
# Visual Studio Version 17
VisualStudioVersion = 17.13.35931.197
MinimumVisualStudioVersion = 10.0.40219.1
Project("{FAE04EC0-301F-11D3-BF4B-00C04F79EFBC}") = "PokemonReviewApp.Api", "PokemonReviewApp.Api\PokemonReviewApp.Api.csproj", "{BC5E2205-D9D6-467B-AD62-63AF87A08601}"
EndProject
Project("{FAE04EC0-301F-11D3-BF4B-00C04F79EFBC}") = "PokemonReviewApp.Core", "PokemonReviewApp.Core\PokemonReviewApp.Core.csproj", "{EFC8066E-9C35-4DB8-8CFF-EC8148A7E881}"
EndProject
Project("{FAE04EC0-301F-11D3-BF4B-00C04F79EFBC}") = "PokemonReviewApp.Repository", "PokemonReviewApp.Repository\PokemonReviewApp.Repository.csproj", "{6BF788F6-A130-4E18-A054-97C999051DF2}"
EndProject
Project("{FAE04EC0-301F-11D3-BF4B-00C04F79EFBC}") = "PokemonReviewApp.Services", "PokemonReviewApp.Services\PokemonReviewApp.Services.csproj", "{997BEAE3-CD17-4B31-8A15-E7F9FD9ADE13}"
EndProject
Global
	GlobalSection(SolutionConfigurationPlatforms) = preSolution
		Debug|Any CPU = Debug|Any CPU
		Release|Any CPU = Release|Any CPU
	EndGlobalSection
	GlobalSection(ProjectConfigurationPlatforms) = postSolution
		{BC5E2205-D9D6-467B-AD62-63AF87A08601}.Debug|Any CPU.ActiveCfg = Debug|Any CPU
		{BC5E2205-D9D6-467B-AD62-63AF87A08601}.Debug|Any CPU.Build.0 = Debug|Any CPU
		{BC5E2205-D9D6-467B-AD62-63AF87A08601}.Release|Any CPU.ActiveCfg = Release|Any CPU
		{BC5E2205-D9D6-467B-AD62-63AF87A08601}.Release|Any CPU.Build.0 = Release|Any CPU
		{EFC8066E-9C35-4DB8-8CFF-EC8148A7E881}.Debug|Any CPU.ActiveCfg = Debug|Any CPU
		{EFC8066E-9C35-4DB8-8CFF-EC8148A7E881}.Debug|Any CPU.Build.0 = Debug|Any CPU
		{EFC8066E-9C35-4DB8-8CFF-EC8148A7E881}.Release|Any CPU.ActiveCfg = Release|Any CPU
		{EFC8066E-9C35-4DB8-8CFF-EC8148A7E881}.Release|Any CPU.Build.0 = Release|Any CPU
		{6BF788F6-A130-4E18-A054-97C999051DF2}.Debug|Any CPU.ActiveCfg = Debug|Any CPU
		{6BF788F6-A130-4E18-A054-97C999051DF2}.Debug|Any CPU.Build.0 = Debug|Any CPU
		{6BF788F6-A130-4E18-A054-97C999051DF2}.Release|Any CPU.ActiveCfg = Release|Any CPU
		{6BF788F6-A130-4E18-A054-97C999051DF2}.Release|Any CPU.Build.0 = Release|Any CPU
		{997BEAE3-CD17-4B31-8A15-E7F9FD9ADE13}.Debug|Any CPU.ActiveCfg = Debug|Any CPU
		{997BEAE3-CD17-4B31-8A15-E7F9FD9ADE13}.Debug|Any CPU.Build.0 = Debug|Any CPU
		{997BEAE3-CD17-4B31-8A15-E7F9FD9ADE13}.Release|Any CPU.ActiveCfg = Release|Any CPU
		{997BEAE3-CD17-4B31-8A15-E7F9FD9ADE13}.Release|Any CPU.Build.0 = Release|Any CPU
	EndGlobalSection
	GlobalSection(SolutionProperties) = preSolution
		HideSolutionNode = FALSE
	EndGlobalSection
	GlobalSection(ExtensibilityGlobals) = postSolution
		SolutionGuid = {BC6813FD-9995-4D46-9E2A-708E3BC96D68}
	EndGlobalSection
EndGlobal
